
Microsoft Visual Studio Solution File, Format Version 12.00
# Visual Studio 15
VisualStudioVersion = 15.0.28010.2048
MinimumVisualStudioVersion = 10.0.40219.1
Project("{FAE04EC0-301F-11D3-BF4B-00C04F79EFBC}") = "Task1", "Task1\Task1.csproj", "{7067275B-E490-421C-90E3-BC57DB425978}"
EndProject
Project("{2150E333-8FDC-42A3-9474-1A3956D46DE8}") = "Tasks", "Tasks", "{D5742C7D-C541-48B0-AB28-270B78E01894}"
EndProject
Project("{FAE04EC0-301F-11D3-BF4B-00C04F79EFBC}") = "Task2", "Task2\Task2.csproj", "{6D8EB0D3-3883-430F-95B5-54D986FC0AFF}"
EndProject
Project("{FAE04EC0-301F-11D3-BF4B-00C04F79EFBC}") = "Task3", "Task3\Task3.csproj", "{CDB6D1AD-08D4-4822-BDCD-82A995BF3664}"
EndProject
Project("{FAE04EC0-301F-11D3-BF4B-00C04F79EFBC}") = "Task4", "Task4\Task4.csproj", "{9456314B-D84A-4F14-8BED-5D668D3AB550}"
EndProject
Project("{FAE04EC0-301F-11D3-BF4B-00C04F79EFBC}") = "Task5", "Task5\Task5.csproj", "{362C7912-B607-49C7-A65E-3F8702DD1E83}"
EndProject
Project("{FAE04EC0-301F-11D3-BF4B-00C04F79EFBC}") = "Task6", "Task6\Task6.csproj", "{98BAB55D-1E3B-4B2E-BCDB-507D09E9C16F}"
EndProject
Project("{FAE04EC0-301F-11D3-BF4B-00C04F79EFBC}") = "Task7", "Task7\Task7.csproj", "{8FD95FEE-8D3C-40D1-9E48-3D038983C9F1}"
EndProject
Project("{FAE04EC0-301F-11D3-BF4B-00C04F79EFBC}") = "Task8", "Task8\Task8.csproj", "{A29451C7-833C-4A52-B8CC-20AD1C37A106}"
EndProject
Project("{FAE04EC0-301F-11D3-BF4B-00C04F79EFBC}") = "Task9", "Task9\Task9.csproj", "{E1C405C3-F34D-48FF-B847-80CA0BAFA761}"
EndProject
Project("{FAE04EC0-301F-11D3-BF4B-00C04F79EFBC}") = "Task10", "Task10\Task10.csproj", "{0DBFF16B-58C0-425D-99CE-B338FD5AC36B}"
EndProject
Project("{FAE04EC0-301F-11D3-BF4B-00C04F79EFBC}") = "Task11", "Task11\Task11.csproj", "{13BDCB92-A660-4AEA-A336-8983DA112B83}"
EndProject
Project("{FAE04EC0-301F-11D3-BF4B-00C04F79EFBC}") = "Task12", "Task12\Task12.csproj", "{EFA350B5-768A-4E1C-89CE-2B3C2D0E5B43}"
EndProject
Project("{FAE04EC0-301F-11D3-BF4B-00C04F79EFBC}") = "Task13", "Task13\Task13.csproj", "{7C92CEF5-7D29-4337-807B-B08BE7366297}"
EndProject
Project("{FAE04EC0-301F-11D3-BF4B-00C04F79EFBC}") = "Task14", "Task14\Task14.csproj", "{955FBF50-818E-4CC2-AEA1-ED7B63AD9DBA}"
EndProject
Project("{FAE04EC0-301F-11D3-BF4B-00C04F79EFBC}") = "Task15", "Task15\Task15.csproj", "{E14B1AEA-5C0D-44E7-8219-55FD56B3CC97}"
EndProject
Global
	GlobalSection(SolutionConfigurationPlatforms) = preSolution
		Debug|Any CPU = Debug|Any CPU
		Release|Any CPU = Release|Any CPU
	EndGlobalSection
	GlobalSection(ProjectConfigurationPlatforms) = postSolution
		{7067275B-E490-421C-90E3-BC57DB425978}.Debug|Any CPU.ActiveCfg = Debug|Any CPU
		{7067275B-E490-421C-90E3-BC57DB425978}.Debug|Any CPU.Build.0 = Debug|Any CPU
		{7067275B-E490-421C-90E3-BC57DB425978}.Release|Any CPU.ActiveCfg = Release|Any CPU
		{7067275B-E490-421C-90E3-BC57DB425978}.Release|Any CPU.Build.0 = Release|Any CPU
		{6D8EB0D3-3883-430F-95B5-54D986FC0AFF}.Debug|Any CPU.ActiveCfg = Debug|Any CPU
		{6D8EB0D3-3883-430F-95B5-54D986FC0AFF}.Debug|Any CPU.Build.0 = Debug|Any CPU
		{6D8EB0D3-3883-430F-95B5-54D986FC0AFF}.Release|Any CPU.ActiveCfg = Release|Any CPU
		{6D8EB0D3-3883-430F-95B5-54D986FC0AFF}.Release|Any CPU.Build.0 = Release|Any CPU
		{CDB6D1AD-08D4-4822-BDCD-82A995BF3664}.Debug|Any CPU.ActiveCfg = Debug|Any CPU
		{CDB6D1AD-08D4-4822-BDCD-82A995BF3664}.Debug|Any CPU.Build.0 = Debug|Any CPU
		{CDB6D1AD-08D4-4822-BDCD-82A995BF3664}.Release|Any CPU.ActiveCfg = Release|Any CPU
		{CDB6D1AD-08D4-4822-BDCD-82A995BF3664}.Release|Any CPU.Build.0 = Release|Any CPU
		{9456314B-D84A-4F14-8BED-5D668D3AB550}.Debug|Any CPU.ActiveCfg = Debug|Any CPU
		{9456314B-D84A-4F14-8BED-5D668D3AB550}.Debug|Any CPU.Build.0 = Debug|Any CPU
		{9456314B-D84A-4F14-8BED-5D668D3AB550}.Release|Any CPU.ActiveCfg = Release|Any CPU
		{9456314B-D84A-4F14-8BED-5D668D3AB550}.Release|Any CPU.Build.0 = Release|Any CPU
		{362C7912-B607-49C7-A65E-3F8702DD1E83}.Debug|Any CPU.ActiveCfg = Debug|Any CPU
		{362C7912-B607-49C7-A65E-3F8702DD1E83}.Debug|Any CPU.Build.0 = Debug|Any CPU
		{362C7912-B607-49C7-A65E-3F8702DD1E83}.Release|Any CPU.ActiveCfg = Release|Any CPU
		{362C7912-B607-49C7-A65E-3F8702DD1E83}.Release|Any CPU.Build.0 = Release|Any CPU
		{98BAB55D-1E3B-4B2E-BCDB-507D09E9C16F}.Debug|Any CPU.ActiveCfg = Debug|Any CPU
		{98BAB55D-1E3B-4B2E-BCDB-507D09E9C16F}.Debug|Any CPU.Build.0 = Debug|Any CPU
		{98BAB55D-1E3B-4B2E-BCDB-507D09E9C16F}.Release|Any CPU.ActiveCfg = Release|Any CPU
		{98BAB55D-1E3B-4B2E-BCDB-507D09E9C16F}.Release|Any CPU.Build.0 = Release|Any CPU
		{8FD95FEE-8D3C-40D1-9E48-3D038983C9F1}.Debug|Any CPU.ActiveCfg = Debug|Any CPU
		{8FD95FEE-8D3C-40D1-9E48-3D038983C9F1}.Debug|Any CPU.Build.0 = Debug|Any CPU
		{8FD95FEE-8D3C-40D1-9E48-3D038983C9F1}.Release|Any CPU.ActiveCfg = Release|Any CPU
		{8FD95FEE-8D3C-40D1-9E48-3D038983C9F1}.Release|Any CPU.Build.0 = Release|Any CPU
		{A29451C7-833C-4A52-B8CC-20AD1C37A106}.Debug|Any CPU.ActiveCfg = Debug|Any CPU
		{A29451C7-833C-4A52-B8CC-20AD1C37A106}.Debug|Any CPU.Build.0 = Debug|Any CPU
		{A29451C7-833C-4A52-B8CC-20AD1C37A106}.Release|Any CPU.ActiveCfg = Release|Any CPU
		{A29451C7-833C-4A52-B8CC-20AD1C37A106}.Release|Any CPU.Build.0 = Release|Any CPU
		{E1C405C3-F34D-48FF-B847-80CA0BAFA761}.Debug|Any CPU.ActiveCfg = Debug|Any CPU
		{E1C405C3-F34D-48FF-B847-80CA0BAFA761}.Debug|Any CPU.Build.0 = Debug|Any CPU
		{E1C405C3-F34D-48FF-B847-80CA0BAFA761}.Release|Any CPU.ActiveCfg = Release|Any CPU
		{E1C405C3-F34D-48FF-B847-80CA0BAFA761}.Release|Any CPU.Build.0 = Release|Any CPU
		{0DBFF16B-58C0-425D-99CE-B338FD5AC36B}.Debug|Any CPU.ActiveCfg = Debug|Any CPU
		{0DBFF16B-58C0-425D-99CE-B338FD5AC36B}.Debug|Any CPU.Build.0 = Debug|Any CPU
		{0DBFF16B-58C0-425D-99CE-B338FD5AC36B}.Release|Any CPU.ActiveCfg = Release|Any CPU
		{0DBFF16B-58C0-425D-99CE-B338FD5AC36B}.Release|Any CPU.Build.0 = Release|Any CPU
		{13BDCB92-A660-4AEA-A336-8983DA112B83}.Debug|Any CPU.ActiveCfg = Debug|Any CPU
		{13BDCB92-A660-4AEA-A336-8983DA112B83}.Debug|Any CPU.Build.0 = Debug|Any CPU
		{13BDCB92-A660-4AEA-A336-8983DA112B83}.Release|Any CPU.ActiveCfg = Release|Any CPU
		{13BDCB92-A660-4AEA-A336-8983DA112B83}.Release|Any CPU.Build.0 = Release|Any CPU
		{EFA350B5-768A-4E1C-89CE-2B3C2D0E5B43}.Debug|Any CPU.ActiveCfg = Debug|Any CPU
		{EFA350B5-768A-4E1C-89CE-2B3C2D0E5B43}.Debug|Any CPU.Build.0 = Debug|Any CPU
		{EFA350B5-768A-4E1C-89CE-2B3C2D0E5B43}.Release|Any CPU.ActiveCfg = Release|Any CPU
		{EFA350B5-768A-4E1C-89CE-2B3C2D0E5B43}.Release|Any CPU.Build.0 = Release|Any CPU
		{7C92CEF5-7D29-4337-807B-B08BE7366297}.Debug|Any CPU.ActiveCfg = Debug|Any CPU
		{7C92CEF5-7D29-4337-807B-B08BE7366297}.Debug|Any CPU.Build.0 = Debug|Any CPU
		{7C92CEF5-7D29-4337-807B-B08BE7366297}.Release|Any CPU.ActiveCfg = Release|Any CPU
		{7C92CEF5-7D29-4337-807B-B08BE7366297}.Release|Any CPU.Build.0 = Release|Any CPU
		{955FBF50-818E-4CC2-AEA1-ED7B63AD9DBA}.Debug|Any CPU.ActiveCfg = Debug|Any CPU
		{955FBF50-818E-4CC2-AEA1-ED7B63AD9DBA}.Debug|Any CPU.Build.0 = Debug|Any CPU
		{955FBF50-818E-4CC2-AEA1-ED7B63AD9DBA}.Release|Any CPU.ActiveCfg = Release|Any CPU
		{955FBF50-818E-4CC2-AEA1-ED7B63AD9DBA}.Release|Any CPU.Build.0 = Release|Any CPU
		{E14B1AEA-5C0D-44E7-8219-55FD56B3CC97}.Debug|Any CPU.ActiveCfg = Debug|Any CPU
		{E14B1AEA-5C0D-44E7-8219-55FD56B3CC97}.Debug|Any CPU.Build.0 = Debug|Any CPU
		{E14B1AEA-5C0D-44E7-8219-55FD56B3CC97}.Release|Any CPU.ActiveCfg = Release|Any CPU
		{E14B1AEA-5C0D-44E7-8219-55FD56B3CC97}.Release|Any CPU.Build.0 = Release|Any CPU
	EndGlobalSection
	GlobalSection(SolutionProperties) = preSolution
		HideSolutionNode = FALSE
	EndGlobalSection
	GlobalSection(NestedProjects) = preSolution
		{7067275B-E490-421C-90E3-BC57DB425978} = {D5742C7D-C541-48B0-AB28-270B78E01894}
		{6D8EB0D3-3883-430F-95B5-54D986FC0AFF} = {D5742C7D-C541-48B0-AB28-270B78E01894}
		{CDB6D1AD-08D4-4822-BDCD-82A995BF3664} = {D5742C7D-C541-48B0-AB28-270B78E01894}
		{9456314B-D84A-4F14-8BED-5D668D3AB550} = {D5742C7D-C541-48B0-AB28-270B78E01894}
		{362C7912-B607-49C7-A65E-3F8702DD1E83} = {D5742C7D-C541-48B0-AB28-270B78E01894}
		{98BAB55D-1E3B-4B2E-BCDB-507D09E9C16F} = {D5742C7D-C541-48B0-AB28-270B78E01894}
		{8FD95FEE-8D3C-40D1-9E48-3D038983C9F1} = {D5742C7D-C541-48B0-AB28-270B78E01894}
		{A29451C7-833C-4A52-B8CC-20AD1C37A106} = {D5742C7D-C541-48B0-AB28-270B78E01894}
		{E1C405C3-F34D-48FF-B847-80CA0BAFA761} = {D5742C7D-C541-48B0-AB28-270B78E01894}
		{0DBFF16B-58C0-425D-99CE-B338FD5AC36B} = {D5742C7D-C541-48B0-AB28-270B78E01894}
		{13BDCB92-A660-4AEA-A336-8983DA112B83} = {D5742C7D-C541-48B0-AB28-270B78E01894}
		{EFA350B5-768A-4E1C-89CE-2B3C2D0E5B43} = {D5742C7D-C541-48B0-AB28-270B78E01894}
		{7C92CEF5-7D29-4337-807B-B08BE7366297} = {D5742C7D-C541-48B0-AB28-270B78E01894}
		{955FBF50-818E-4CC2-AEA1-ED7B63AD9DBA} = {D5742C7D-C541-48B0-AB28-270B78E01894}
		{E14B1AEA-5C0D-44E7-8219-55FD56B3CC97} = {D5742C7D-C541-48B0-AB28-270B78E01894}
	EndGlobalSection
	GlobalSection(ExtensibilityGlobals) = postSolution
		SolutionGuid = {C60F6A6A-3297-4202-9CA1-8361C929B3BC}
	EndGlobalSection
EndGlobal
